PODS:
  - Alamofire (4.2.0)
  - Alamofire-Synchronous (4.0.0):
    - Alamofire (~> 4.0)
  - SwiftFormat/CLI (0.28.2)
  - SwiftyJSON (3.1.4)
  - YouTubeGetVideoInfoAPIParser (1.0.0)

DEPENDENCIES:
  - Alamofire (~> 4.2.0)
  - Alamofire-Synchronous (~> 4.0)
  - SwiftFormat/CLI
  - SwiftyJSON (~> 3.1.4)
  - YouTubeGetVideoInfoAPIParser

SPEC CHECKSUMS:
  Alamofire: aa2e09d871c9160ac53c90e83c68064a94e3dfbe
  Alamofire-Synchronous: eedf1e6e961c3795a63c74990b3f7d9fbfac7e50
  SwiftFormat: f000e128c6f7b61ae0d5010b7745119734adeaa1
  SwiftyJSON: c2842d878f95482ffceec5709abc3d05680c0220
  YouTubeGetVideoInfoAPIParser: c0d319ecc9c9f104c1dece0204b3f758b1bbab3e

PODFILE CHECKSUM: 808063c65504ff5a6729cf8d2fb667fb4e6f651c

COCOAPODS: 1.2.0
